
Microsoft Visual Studio Solution File, Format Version 12.00
# Visual Studio Version 16
VisualStudioVersion = 16.0.31624.102
MinimumVisualStudioVersion = 10.0.40219.1
Project("{9A19103F-16F7-4668-BE54-9A1E7A4F7556}") = "MiCalculadora", "MiCalculadora\MiCalculadora.csproj", "{721E2752-8A7A-4DF5-A326-711338BA1269}"
EndProject
Project("{9A19103F-16F7-4668-BE54-9A1E7A4F7556}") = "Entidades", "Entidades\Entidades.csproj", "{7B65AF2D-92D7-4155-A34C-7E5C83CCD079}"
EndProject
Global
	GlobalSection(SolutionConfigurationPlatforms) = preSolution
		Debug|Any CPU = Debug|Any CPU
		Release|Any CPU = Release|Any CPU
	EndGlobalSection
	GlobalSection(ProjectConfigurationPlatforms) = postSolution
		{721E2752-8A7A-4DF5-A326-711338BA1269}.Debug|Any CPU.ActiveCfg = Debug|Any CPU
		{721E2752-8A7A-4DF5-A326-711338BA1269}.Debug|Any CPU.Build.0 = Debug|Any CPU
		{721E2752-8A7A-4DF5-A326-711338BA1269}.Release|Any CPU.ActiveCfg = Release|Any CPU
		{721E2752-8A7A-4DF5-A326-711338BA1269}.Release|Any CPU.Build.0 = Release|Any CPU
		{7B65AF2D-92D7-4155-A34C-7E5C83CCD079}.Debug|Any CPU.ActiveCfg = Debug|Any CPU
		{7B65AF2D-92D7-4155-A34C-7E5C83CCD079}.Debug|Any CPU.Build.0 = Debug|Any CPU
		{7B65AF2D-92D7-4155-A34C-7E5C83CCD079}.Release|Any CPU.ActiveCfg = Release|Any CPU
		{7B65AF2D-92D7-4155-A34C-7E5C83CCD079}.Release|Any CPU.Build.0 = Release|Any CPU
	EndGlobalSection
	GlobalSection(SolutionProperties) = preSolution
		HideSolutionNode = FALSE
	EndGlobalSection
	GlobalSection(ExtensibilityGlobals) = postSolution
		SolutionGuid = {3B581FD1-81A9-4D4B-99A7-16F6232BB2C6}
	EndGlobalSection
EndGlobal
